
Microsoft Visual Studio Solution File, Format Version 12.00
# Visual Studio 2013
VisualStudioVersion = 12.0.30501.0
MinimumVisualStudioVersion = 10.0.40219.1
Project("{2150E333-8FDC-42A3-9474-1A3956D46DE8}") = "Solution Items", "Solution Items", "{CC4DF41A-CBD8-4846-8629-9E76C10B8EC2}"
EndProject
Project("{2150E333-8FDC-42A3-9474-1A3956D46DE8}") = "Rx Example", "Rx Example", "{0FD3AE24-B9DA-4421-B0E3-57BCA0F4E642}"
EndProject
Project("{2150E333-8FDC-42A3-9474-1A3956D46DE8}") = "Examples", "Examples", "{7D5ED9CE-3144-43C8-B962-74C1C6BA6CE8}"
EndProject
Project("{2150E333-8FDC-42A3-9474-1A3956D46DE8}") = "NuGet Package", "NuGet Package", "{7AA71670-E725-4CE0-A696-01FCEAC6120E}"
EndProject
Project("{FAE04EC0-301F-11D3-BF4B-00C04F79EFBC}") = "Courier.ViewModels", "Courier.ViewModels\Courier.ViewModels.csproj", "{3EBBAE49-0F50-49C2-A8D9-4C350F432627}"
EndProject
Project("{FAE04EC0-301F-11D3-BF4B-00C04F79EFBC}") = "Courier.Example.WPF", "Courier.WPF\Courier.Example.WPF.csproj", "{B465F352-4BCF-421F-A6D2-BC57803E26AA}"
EndProject
Project("{FAE04EC0-301F-11D3-BF4B-00C04F79EFBC}") = "Courier.Rx", "Courier.Rx\Courier.Rx.csproj", "{87654BDF-9893-4516-8A05-02E0C922C7FF}"
EndProject
Project("{FAE04EC0-301F-11D3-BF4B-00C04F79EFBC}") = "Courier.Tests", "Courier.Tests\Courier.Tests.csproj", "{D469F040-37FF-4CD1-974F-E581367897B4}"
EndProject
Project("{FAE04EC0-301F-11D3-BF4B-00C04F79EFBC}") = "Courier.Rx.Tests", "Courier.Rx.Tests\Courier.Rx.Tests.csproj", "{8AC05374-6AA8-41DB-987A-5DA99C6FFCD5}"
EndProject
Project("{FAE04EC0-301F-11D3-BF4B-00C04F79EFBC}") = "Courier.ViewModels.Rx", "Courier.ViewModels.Rx\Courier.ViewModels.Rx.csproj", "{6E7FBB8B-8F16-415B-9A04-026639861872}"
EndProject
Project("{FAE04EC0-301F-11D3-BF4B-00C04F79EFBC}") = "Courier.Example.Rx", "Courier.WPF.Rx\Courier.Example.Rx.csproj", "{1B25317B-2775-4B68-A538-29148CFB75F6}"
EndProject
Project("{FAE04EC0-301F-11D3-BF4B-00C04F79EFBC}") = "Courier.Example.SL", "Courier.Example.SL\Courier.Example.SL.csproj", "{D1E8DCCF-8BC1-490E-B85C-3863989BF839}"
EndProject
Project("{FAE04EC0-301F-11D3-BF4B-00C04F79EFBC}") = "Courier.Example.SL.Web", "Courier.Example.SL.Web\Courier.Example.SL.Web.csproj", "{4DD9CAD2-5CFE-4555-BE21-7D4BC450D859}"
EndProject
Project("{FAE04EC0-301F-11D3-BF4B-00C04F79EFBC}") = "Courier.SL.ViewModels", "Courier.SL.ViewModels\Courier.SL.ViewModels.csproj", "{3694B9D7-BBB7-496C-B4E9-73AB1E598867}"
EndProject
Project("{FAE04EC0-301F-11D3-BF4B-00C04F79EFBC}") = "Courier.Example.WP7", "Courier.Example.WP7\Courier.Example.WP7.csproj", "{B1FE82BD-F3A8-4AE4-B170-695D66A0E3DB}"
EndProject
Project("{FAE04EC0-301F-11D3-BF4B-00C04F79EFBC}") = "Courier.WP7.ViewModels", "Courier.WP7.ViewModels\Courier.WP7.ViewModels.csproj", "{22307FD1-8B12-4408-AD10-23E6BA2FFB22}"
EndProject
Project("{FAE04EC0-301F-11D3-BF4B-00C04F79EFBC}") = "Courier.PCL", "Courier.PCL\Courier.PCL.csproj", "{AC00B9F9-8EEF-4E6D-9515-DF3EDBC48634}"
EndProject
Global
	GlobalSection(SolutionConfigurationPlatforms) = preSolution
		Debug|Any CPU = Debug|Any CPU
		Debug|ARM = Debug|ARM
		Debug|x86 = Debug|x86
		Release|Any CPU = Release|Any CPU
		Release|ARM = Release|ARM
		Release|x86 = Release|x86
	EndGlobalSection
	GlobalSection(ProjectConfigurationPlatforms) = postSolution
		{3EBBAE49-0F50-49C2-A8D9-4C350F432627}.Debug|Any CPU.ActiveCfg = Debug|Any CPU
		{3EBBAE49-0F50-49C2-A8D9-4C350F432627}.Debug|Any CPU.Build.0 = Debug|Any CPU
		{3EBBAE49-0F50-49C2-A8D9-4C350F432627}.Debug|ARM.ActiveCfg = Debug|Any CPU
		{3EBBAE49-0F50-49C2-A8D9-4C350F432627}.Debug|x86.ActiveCfg = Debug|Any CPU
		{3EBBAE49-0F50-49C2-A8D9-4C350F432627}.Release|Any CPU.ActiveCfg = Release|Any CPU
		{3EBBAE49-0F50-49C2-A8D9-4C350F432627}.Release|ARM.ActiveCfg = Release|Any CPU
		{3EBBAE49-0F50-49C2-A8D9-4C350F432627}.Release|x86.ActiveCfg = Release|Any CPU
		{B465F352-4BCF-421F-A6D2-BC57803E26AA}.Debug|Any CPU.ActiveCfg = Debug|Any CPU
		{B465F352-4BCF-421F-A6D2-BC57803E26AA}.Debug|Any CPU.Build.0 = Debug|Any CPU
		{B465F352-4BCF-421F-A6D2-BC57803E26AA}.Debug|ARM.ActiveCfg = Debug|Any CPU
		{B465F352-4BCF-421F-A6D2-BC57803E26AA}.Debug|x86.ActiveCfg = Debug|Any CPU
		{B465F352-4BCF-421F-A6D2-BC57803E26AA}.Release|Any CPU.ActiveCfg = Release|Any CPU
		{B465F352-4BCF-421F-A6D2-BC57803E26AA}.Release|ARM.ActiveCfg = Release|Any CPU
		{B465F352-4BCF-421F-A6D2-BC57803E26AA}.Release|x86.ActiveCfg = Release|Any CPU
		{87654BDF-9893-4516-8A05-02E0C922C7FF}.Debug|Any CPU.ActiveCfg = Debug|Any CPU
		{87654BDF-9893-4516-8A05-02E0C922C7FF}.Debug|Any CPU.Build.0 = Debug|Any CPU
		{87654BDF-9893-4516-8A05-02E0C922C7FF}.Debug|ARM.ActiveCfg = Debug|Any CPU
		{87654BDF-9893-4516-8A05-02E0C922C7FF}.Debug|x86.ActiveCfg = Debug|Any CPU
		{87654BDF-9893-4516-8A05-02E0C922C7FF}.Release|Any CPU.ActiveCfg = Release|Any CPU
		{87654BDF-9893-4516-8A05-02E0C922C7FF}.Release|Any CPU.Build.0 = Release|Any CPU
		{87654BDF-9893-4516-8A05-02E0C922C7FF}.Release|ARM.ActiveCfg = Release|Any CPU
		{87654BDF-9893-4516-8A05-02E0C922C7FF}.Release|x86.ActiveCfg = Release|Any CPU
		{D469F040-37FF-4CD1-974F-E581367897B4}.Debug|Any CPU.ActiveCfg = Debug|Any CPU
		{D469F040-37FF-4CD1-974F-E581367897B4}.Debug|Any CPU.Build.0 = Debug|Any CPU
		{D469F040-37FF-4CD1-974F-E581367897B4}.Debug|ARM.ActiveCfg = Debug|Any CPU
		{D469F040-37FF-4CD1-974F-E581367897B4}.Debug|x86.ActiveCfg = Debug|Any CPU
		{D469F040-37FF-4CD1-974F-E581367897B4}.Release|Any CPU.ActiveCfg = Release|Any CPU
		{D469F040-37FF-4CD1-974F-E581367897B4}.Release|ARM.ActiveCfg = Release|Any CPU
		{D469F040-37FF-4CD1-974F-E581367897B4}.Release|x86.ActiveCfg = Release|Any CPU
		{8AC05374-6AA8-41DB-987A-5DA99C6FFCD5}.Debug|Any CPU.ActiveCfg = Debug|Any CPU
		{8AC05374-6AA8-41DB-987A-5DA99C6FFCD5}.Debug|Any CPU.Build.0 = Debug|Any CPU
		{8AC05374-6AA8-41DB-987A-5DA99C6FFCD5}.Debug|ARM.ActiveCfg = Debug|Any CPU
		{8AC05374-6AA8-41DB-987A-5DA99C6FFCD5}.Debug|x86.ActiveCfg = Debug|Any CPU
		{8AC05374-6AA8-41DB-987A-5DA99C6FFCD5}.Release|Any CPU.ActiveCfg = Release|Any CPU
		{8AC05374-6AA8-41DB-987A-5DA99C6FFCD5}.Release|ARM.ActiveCfg = Release|Any CPU
		{8AC05374-6AA8-41DB-987A-5DA99C6FFCD5}.Release|x86.ActiveCfg = Release|Any CPU
		{6E7FBB8B-8F16-415B-9A04-026639861872}.Debug|Any CPU.ActiveCfg = Debug|Any CPU
		{6E7FBB8B-8F16-415B-9A04-026639861872}.Debug|Any CPU.Build.0 = Debug|Any CPU
		{6E7FBB8B-8F16-415B-9A04-026639861872}.Debug|ARM.ActiveCfg = Debug|Any CPU
		{6E7FBB8B-8F16-415B-9A04-026639861872}.Debug|x86.ActiveCfg = Debug|Any CPU
		{6E7FBB8B-8F16-415B-9A04-026639861872}.Release|Any CPU.ActiveCfg = Release|Any CPU
		{6E7FBB8B-8F16-415B-9A04-026639861872}.Release|ARM.ActiveCfg = Release|Any CPU
		{6E7FBB8B-8F16-415B-9A04-026639861872}.Release|x86.ActiveCfg = Release|Any CPU
		{1B25317B-2775-4B68-A538-29148CFB75F6}.Debug|Any CPU.ActiveCfg = Debug|Any CPU
		{1B25317B-2775-4B68-A538-29148CFB75F6}.Debug|Any CPU.Build.0 = Debug|Any CPU
		{1B25317B-2775-4B68-A538-29148CFB75F6}.Debug|ARM.ActiveCfg = Debug|Any CPU
		{1B25317B-2775-4B68-A538-29148CFB75F6}.Debug|x86.ActiveCfg = Debug|Any CPU
		{1B25317B-2775-4B68-A538-29148CFB75F6}.Release|Any CPU.ActiveCfg = Release|Any CPU
		{1B25317B-2775-4B68-A538-29148CFB75F6}.Release|ARM.ActiveCfg = Release|Any CPU
		{1B25317B-2775-4B68-A538-29148CFB75F6}.Release|x86.ActiveCfg = Release|Any CPU
		{D1E8DCCF-8BC1-490E-B85C-3863989BF839}.Debug|Any CPU.ActiveCfg = Debug|Any CPU
		{D1E8DCCF-8BC1-490E-B85C-3863989BF839}.Debug|Any CPU.Build.0 = Debug|Any CPU
		{D1E8DCCF-8BC1-490E-B85C-3863989BF839}.Debug|ARM.ActiveCfg = Debug|Any CPU
		{D1E8DCCF-8BC1-490E-B85C-3863989BF839}.Debug|x86.ActiveCfg = Debug|Any CPU
		{D1E8DCCF-8BC1-490E-B85C-3863989BF839}.Release|Any CPU.ActiveCfg = Release|Any CPU
		{D1E8DCCF-8BC1-490E-B85C-3863989BF839}.Release|ARM.ActiveCfg = Release|Any CPU
		{D1E8DCCF-8BC1-490E-B85C-3863989BF839}.Release|x86.ActiveCfg = Release|Any CPU
		{4DD9CAD2-5CFE-4555-BE21-7D4BC450D859}.Debug|Any CPU.ActiveCfg = Debug|Any CPU
		{4DD9CAD2-5CFE-4555-BE21-7D4BC450D859}.Debug|Any CPU.Build.0 = Debug|Any CPU
		{4DD9CAD2-5CFE-4555-BE21-7D4BC450D859}.Debug|ARM.ActiveCfg = Debug|Any CPU
		{4DD9CAD2-5CFE-4555-BE21-7D4BC450D859}.Debug|x86.ActiveCfg = Debug|Any CPU
		{4DD9CAD2-5CFE-4555-BE21-7D4BC450D859}.Release|Any CPU.ActiveCfg = Release|Any CPU
		{4DD9CAD2-5CFE-4555-BE21-7D4BC450D859}.Release|ARM.ActiveCfg = Release|Any CPU
		{4DD9CAD2-5CFE-4555-BE21-7D4BC450D859}.Release|x86.ActiveCfg = Release|Any CPU
		{3694B9D7-BBB7-496C-B4E9-73AB1E598867}.Debug|Any CPU.ActiveCfg = Debug|Any CPU
		{3694B9D7-BBB7-496C-B4E9-73AB1E598867}.Debug|Any CPU.Build.0 = Debug|Any CPU
		{3694B9D7-BBB7-496C-B4E9-73AB1E598867}.Debug|ARM.ActiveCfg = Debug|Any CPU
		{3694B9D7-BBB7-496C-B4E9-73AB1E598867}.Debug|x86.ActiveCfg = Debug|Any CPU
		{3694B9D7-BBB7-496C-B4E9-73AB1E598867}.Release|Any CPU.ActiveCfg = Release|Any CPU
		{3694B9D7-BBB7-496C-B4E9-73AB1E598867}.Release|ARM.ActiveCfg = Release|Any CPU
		{3694B9D7-BBB7-496C-B4E9-73AB1E598867}.Release|x86.ActiveCfg = Release|Any CPU
		{B1FE82BD-F3A8-4AE4-B170-695D66A0E3DB}.Debug|Any CPU.ActiveCfg = Debug|Any CPU
		{B1FE82BD-F3A8-4AE4-B170-695D66A0E3DB}.Debug|Any CPU.Build.0 = Debug|Any CPU
		{B1FE82BD-F3A8-4AE4-B170-695D66A0E3DB}.Debug|Any CPU.Deploy.0 = Debug|Any CPU
		{B1FE82BD-F3A8-4AE4-B170-695D66A0E3DB}.Debug|ARM.ActiveCfg = Debug|ARM
		{B1FE82BD-F3A8-4AE4-B170-695D66A0E3DB}.Debug|ARM.Build.0 = Debug|ARM
		{B1FE82BD-F3A8-4AE4-B170-695D66A0E3DB}.Debug|ARM.Deploy.0 = Debug|ARM
		{B1FE82BD-F3A8-4AE4-B170-695D66A0E3DB}.Debug|x86.ActiveCfg = Debug|x86
		{B1FE82BD-F3A8-4AE4-B170-695D66A0E3DB}.Debug|x86.Build.0 = Debug|x86
		{B1FE82BD-F3A8-4AE4-B170-695D66A0E3DB}.Debug|x86.Deploy.0 = Debug|x86
		{B1FE82BD-F3A8-4AE4-B170-695D66A0E3DB}.Release|Any CPU.ActiveCfg = Release|Any CPU
		{B1FE82BD-F3A8-4AE4-B170-695D66A0E3DB}.Release|ARM.ActiveCfg = Release|ARM
		{B1FE82BD-F3A8-4AE4-B170-695D66A0E3DB}.Release|ARM.Build.0 = Release|ARM
		{B1FE82BD-F3A8-4AE4-B170-695D66A0E3DB}.Release|ARM.Deploy.0 = Release|ARM
		{B1FE82BD-F3A8-4AE4-B170-695D66A0E3DB}.Release|x86.ActiveCfg = Release|x86
		{B1FE82BD-F3A8-4AE4-B170-695D66A0E3DB}.Release|x86.Build.0 = Release|x86
		{B1FE82BD-F3A8-4AE4-B170-695D66A0E3DB}.Release|x86.Deploy.0 = Release|x86
		{22307FD1-8B12-4408-AD10-23E6BA2FFB22}.Debug|Any CPU.ActiveCfg = Debug|Any CPU
		{22307FD1-8B12-4408-AD10-23E6BA2FFB22}.Debug|Any CPU.Build.0 = Debug|Any CPU
		{22307FD1-8B12-4408-AD10-23E6BA2FFB22}.Debug|ARM.ActiveCfg = Debug|ARM
		{22307FD1-8B12-4408-AD10-23E6BA2FFB22}.Debug|ARM.Build.0 = Debug|ARM
		{22307FD1-8B12-4408-AD10-23E6BA2FFB22}.Debug|x86.ActiveCfg = Debug|x86
		{22307FD1-8B12-4408-AD10-23E6BA2FFB22}.Debug|x86.Build.0 = Debug|x86
		{22307FD1-8B12-4408-AD10-23E6BA2FFB22}.Release|Any CPU.ActiveCfg = Release|Any CPU
		{22307FD1-8B12-4408-AD10-23E6BA2FFB22}.Release|ARM.ActiveCfg = Release|ARM
		{22307FD1-8B12-4408-AD10-23E6BA2FFB22}.Release|ARM.Build.0 = Release|ARM
		{22307FD1-8B12-4408-AD10-23E6BA2FFB22}.Release|x86.ActiveCfg = Release|x86
		{22307FD1-8B12-4408-AD10-23E6BA2FFB22}.Release|x86.Build.0 = Release|x86
		{AC00B9F9-8EEF-4E6D-9515-DF3EDBC48634}.Debug|Any CPU.ActiveCfg = Debug|Any CPU
		{AC00B9F9-8EEF-4E6D-9515-DF3EDBC48634}.Debug|Any CPU.Build.0 = Debug|Any CPU
		{AC00B9F9-8EEF-4E6D-9515-DF3EDBC48634}.Debug|ARM.ActiveCfg = Debug|Any CPU
		{AC00B9F9-8EEF-4E6D-9515-DF3EDBC48634}.Debug|x86.ActiveCfg = Debug|Any CPU
		{AC00B9F9-8EEF-4E6D-9515-DF3EDBC48634}.Release|Any CPU.ActiveCfg = Release|Any CPU
		{AC00B9F9-8EEF-4E6D-9515-DF3EDBC48634}.Release|Any CPU.Build.0 = Release|Any CPU
		{AC00B9F9-8EEF-4E6D-9515-DF3EDBC48634}.Release|ARM.ActiveCfg = Release|Any CPU
		{AC00B9F9-8EEF-4E6D-9515-DF3EDBC48634}.Release|x86.ActiveCfg = Release|Any CPU
	EndGlobalSection
	GlobalSection(SolutionProperties) = preSolution
		HideSolutionNode = FALSE
	EndGlobalSection
	GlobalSection(NestedProjects) = preSolution
		{0FD3AE24-B9DA-4421-B0E3-57BCA0F4E642} = {7D5ED9CE-3144-43C8-B962-74C1C6BA6CE8}
		{B465F352-4BCF-421F-A6D2-BC57803E26AA} = {7D5ED9CE-3144-43C8-B962-74C1C6BA6CE8}
		{6E7FBB8B-8F16-415B-9A04-026639861872} = {0FD3AE24-B9DA-4421-B0E3-57BCA0F4E642}
		{1B25317B-2775-4B68-A538-29148CFB75F6} = {0FD3AE24-B9DA-4421-B0E3-57BCA0F4E642}
		{D1E8DCCF-8BC1-490E-B85C-3863989BF839} = {7D5ED9CE-3144-43C8-B962-74C1C6BA6CE8}
		{4DD9CAD2-5CFE-4555-BE21-7D4BC450D859} = {7D5ED9CE-3144-43C8-B962-74C1C6BA6CE8}
		{B1FE82BD-F3A8-4AE4-B170-695D66A0E3DB} = {7D5ED9CE-3144-43C8-B962-74C1C6BA6CE8}
	EndGlobalSection
EndGlobal
